
Microsoft Visual Studio Solution File, Format Version 11.00
# Visual Studio 2010
Project("{FAE04EC0-301F-11D3-BF4B-00C04F79EFBC}") = "Telerik.Web.Mvc.Examples", "Telerik.Web.Mvc.Examples.csproj", "{6E626551-89A5-4625-8429-B442634725C0}"
EndProject
Global
	 
	GlobalSection(SolutionConfigurationPlatforms) = preSolution
		Debug|Any CPU = Debug|Any CPU
		Release MVC3|Any CPU = Release MVC3|Any CPU
		Release|Any CPU = Release|Any CPU
	EndGlobalSection
	GlobalSection(ProjectConfigurationPlatforms) = postSolution
		{6E626551-89A5-4625-8429-B442634725C0}.Debug|Any CPU.ActiveCfg = Debug|Any CPU
		{6E626551-89A5-4625-8429-B442634725C0}.Debug|Any CPU.Build.0 = Debug|Any CPU
		{6E626551-89A5-4625-8429-B442634725C0}.Release MVC3|Any CPU.ActiveCfg = Release MVC3|Any CPU
		{6E626551-89A5-4625-8429-B442634725C0}.Release MVC3|Any CPU.Build.0 = Release MVC3|Any CPU
		{6E626551-89A5-4625-8429-B442634725C0}.Release|Any CPU.ActiveCfg = Release|Any CPU
		{6E626551-89A5-4625-8429-B442634725C0}.Release|Any CPU.Build.0 = Release|Any CPU
	EndGlobalSection
	GlobalSection(SolutionProperties) = preSolution
		HideSolutionNode = FALSE
	EndGlobalSection
EndGlobal
